
Microsoft Visual Studio Solution File, Format Version 12.00
# Visual Studio 15
VisualStudioVersion = 15.0.27428.2043
MinimumVisualStudioVersion = 10.0.40219.1
Project("{8BC9CEB8-8B4A-11D0-8D11-00A0C91BC942}") = "RullOf3", "cplus17\cplus17.vcxproj", "{7FBBFD04-1F65-4F4F-A349-3D4AE5640891}"
EndProject
Project("{8BC9CEB8-8B4A-11D0-8D11-00A0C91BC942}") = "SmartPointer", "smartPointer\smartPointer.vcxproj", "{D7DDC1B5-0BFD-4936-85A1-089155BE4B70}"
EndProject
Project("{8BC9CEB8-8B4A-11D0-8D11-00A0C91BC942}") = "Indirection", "Indirection\Indirection.vcxproj", "{C77EED8D-1FD5-4511-BBB7-6BADBAF9403D}"
EndProject
Project("{8BC9CEB8-8B4A-11D0-8D11-00A0C91BC942}") = "T9Predict", "T9Predict\T9Predict.vcxproj", "{4673D0A2-FC67-43F6-9569-AC50AEEE3444}"
EndProject
Project("{8BC9CEB8-8B4A-11D0-8D11-00A0C91BC942}") = "T9PredictTests", "T9PredictTests\T9PredictTests.vcxproj", "{245EA8AD-009F-4239-B016-85F03574EFAA}"
EndProject
Project("{8BC9CEB8-8B4A-11D0-8D11-00A0C91BC942}") = "T9Predict2", "T9Predict2\T9Predict2.vcxproj", "{3832B605-20B6-4412-AE74-3EA4BCCC51DA}"
EndProject
Project("{8BC9CEB8-8B4A-11D0-8D11-00A0C91BC942}") = "T9PredictTests2", "T9PredictTests2\T9PredictTests2.vcxproj", "{579C67B2-E7B2-4789-A15B-AC4DE27924B6}"
EndProject
Project("{2150E333-8FDC-42A3-9474-1A3956D46DE8}") = "10", "10", "{8BED40EE-A768-4676-BA60-810602581B6D}"
EndProject
Project("{2150E333-8FDC-42A3-9474-1A3956D46DE8}") = "12", "12", "{59F19293-B4FD-43CB-BAE0-EE714D26AF5B}"
EndProject
Project("{2150E333-8FDC-42A3-9474-1A3956D46DE8}") = "13", "13", "{8965F949-E64D-4AA5-811A-9EDEBDD41D53}"
EndProject
Project("{2150E333-8FDC-42A3-9474-1A3956D46DE8}") = "Test", "Test", "{5B766454-8308-4120-9BF3-5DD245FDE68E}"
EndProject
Project("{2150E333-8FDC-42A3-9474-1A3956D46DE8}") = "10", "10", "{72D6A29A-2434-49C2-B7D9-49B4D6439C73}"
EndProject
Project("{2150E333-8FDC-42A3-9474-1A3956D46DE8}") = "11", "11", "{4C5D8BB1-C7C8-4AE9-A6E1-9BEB25210C4F}"
EndProject
Project("{2150E333-8FDC-42A3-9474-1A3956D46DE8}") = "20", "20", "{77C1BD74-F1FB-461B-AEC2-F2A162A1CF77}"
EndProject
Project("{8BC9CEB8-8B4A-11D0-8D11-00A0C91BC942}") = "StlLibrary", "StlLibrary\StlLibrary\StlLibrary.vcxproj", "{61039732-27A1-48D7-8A72-00953C5BC33F}"
EndProject
Global
	GlobalSection(SolutionConfigurationPlatforms) = preSolution
		Debug|x64 = Debug|x64
		Debug|x86 = Debug|x86
		Release|x64 = Release|x64
		Release|x86 = Release|x86
	EndGlobalSection
	GlobalSection(ProjectConfigurationPlatforms) = postSolution
		{7FBBFD04-1F65-4F4F-A349-3D4AE5640891}.Debug|x64.ActiveCfg = Debug|x64
		{7FBBFD04-1F65-4F4F-A349-3D4AE5640891}.Debug|x64.Build.0 = Debug|x64
		{7FBBFD04-1F65-4F4F-A349-3D4AE5640891}.Debug|x86.ActiveCfg = Debug|Win32
		{7FBBFD04-1F65-4F4F-A349-3D4AE5640891}.Debug|x86.Build.0 = Debug|Win32
		{7FBBFD04-1F65-4F4F-A349-3D4AE5640891}.Release|x64.ActiveCfg = Release|x64
		{7FBBFD04-1F65-4F4F-A349-3D4AE5640891}.Release|x64.Build.0 = Release|x64
		{7FBBFD04-1F65-4F4F-A349-3D4AE5640891}.Release|x86.ActiveCfg = Release|Win32
		{7FBBFD04-1F65-4F4F-A349-3D4AE5640891}.Release|x86.Build.0 = Release|Win32
		{D7DDC1B5-0BFD-4936-85A1-089155BE4B70}.Debug|x64.ActiveCfg = Debug|x64
		{D7DDC1B5-0BFD-4936-85A1-089155BE4B70}.Debug|x64.Build.0 = Debug|x64
		{D7DDC1B5-0BFD-4936-85A1-089155BE4B70}.Debug|x86.ActiveCfg = Debug|Win32
		{D7DDC1B5-0BFD-4936-85A1-089155BE4B70}.Debug|x86.Build.0 = Debug|Win32
		{D7DDC1B5-0BFD-4936-85A1-089155BE4B70}.Release|x64.ActiveCfg = Release|x64
		{D7DDC1B5-0BFD-4936-85A1-089155BE4B70}.Release|x64.Build.0 = Release|x64
		{D7DDC1B5-0BFD-4936-85A1-089155BE4B70}.Release|x86.ActiveCfg = Release|Win32
		{D7DDC1B5-0BFD-4936-85A1-089155BE4B70}.Release|x86.Build.0 = Release|Win32
		{C77EED8D-1FD5-4511-BBB7-6BADBAF9403D}.Debug|x64.ActiveCfg = Debug|x64
		{C77EED8D-1FD5-4511-BBB7-6BADBAF9403D}.Debug|x64.Build.0 = Debug|x64
		{C77EED8D-1FD5-4511-BBB7-6BADBAF9403D}.Debug|x86.ActiveCfg = Debug|Win32
		{C77EED8D-1FD5-4511-BBB7-6BADBAF9403D}.Debug|x86.Build.0 = Debug|Win32
		{C77EED8D-1FD5-4511-BBB7-6BADBAF9403D}.Release|x64.ActiveCfg = Release|x64
		{C77EED8D-1FD5-4511-BBB7-6BADBAF9403D}.Release|x64.Build.0 = Release|x64
		{C77EED8D-1FD5-4511-BBB7-6BADBAF9403D}.Release|x86.ActiveCfg = Release|Win32
		{C77EED8D-1FD5-4511-BBB7-6BADBAF9403D}.Release|x86.Build.0 = Release|Win32
		{4673D0A2-FC67-43F6-9569-AC50AEEE3444}.Debug|x64.ActiveCfg = Debug|x64
		{4673D0A2-FC67-43F6-9569-AC50AEEE3444}.Debug|x64.Build.0 = Debug|x64
		{4673D0A2-FC67-43F6-9569-AC50AEEE3444}.Debug|x86.ActiveCfg = Debug|Win32
		{4673D0A2-FC67-43F6-9569-AC50AEEE3444}.Debug|x86.Build.0 = Debug|Win32
		{4673D0A2-FC67-43F6-9569-AC50AEEE3444}.Release|x64.ActiveCfg = Release|x64
		{4673D0A2-FC67-43F6-9569-AC50AEEE3444}.Release|x64.Build.0 = Release|x64
		{4673D0A2-FC67-43F6-9569-AC50AEEE3444}.Release|x86.ActiveCfg = Release|Win32
		{4673D0A2-FC67-43F6-9569-AC50AEEE3444}.Release|x86.Build.0 = Release|Win32
		{245EA8AD-009F-4239-B016-85F03574EFAA}.Debug|x64.ActiveCfg = Debug|x64
		{245EA8AD-009F-4239-B016-85F03574EFAA}.Debug|x64.Build.0 = Debug|x64
		{245EA8AD-009F-4239-B016-85F03574EFAA}.Debug|x86.ActiveCfg = Debug|Win32
		{245EA8AD-009F-4239-B016-85F03574EFAA}.Debug|x86.Build.0 = Debug|Win32
		{245EA8AD-009F-4239-B016-85F03574EFAA}.Release|x64.ActiveCfg = Release|x64
		{245EA8AD-009F-4239-B016-85F03574EFAA}.Release|x64.Build.0 = Release|x64
		{245EA8AD-009F-4239-B016-85F03574EFAA}.Release|x86.ActiveCfg = Release|Win32
		{245EA8AD-009F-4239-B016-85F03574EFAA}.Release|x86.Build.0 = Release|Win32
		{3832B605-20B6-4412-AE74-3EA4BCCC51DA}.Debug|x64.ActiveCfg = Debug|x64
		{3832B605-20B6-4412-AE74-3EA4BCCC51DA}.Debug|x64.Build.0 = Debug|x64
		{3832B605-20B6-4412-AE74-3EA4BCCC51DA}.Debug|x86.ActiveCfg = Debug|Win32
		{3832B605-20B6-4412-AE74-3EA4BCCC51DA}.Debug|x86.Build.0 = Debug|Win32
		{3832B605-20B6-4412-AE74-3EA4BCCC51DA}.Release|x64.ActiveCfg = Release|x64
		{3832B605-20B6-4412-AE74-3EA4BCCC51DA}.Release|x64.Build.0 = Release|x64
		{3832B605-20B6-4412-AE74-3EA4BCCC51DA}.Release|x86.ActiveCfg = Release|Win32
		{3832B605-20B6-4412-AE74-3EA4BCCC51DA}.Release|x86.Build.0 = Release|Win32
		{579C67B2-E7B2-4789-A15B-AC4DE27924B6}.Debug|x64.ActiveCfg = Debug|x64
		{579C67B2-E7B2-4789-A15B-AC4DE27924B6}.Debug|x64.Build.0 = Debug|x64
		{579C67B2-E7B2-4789-A15B-AC4DE27924B6}.Debug|x86.ActiveCfg = Debug|Win32
		{579C67B2-E7B2-4789-A15B-AC4DE27924B6}.Debug|x86.Build.0 = Debug|Win32
		{579C67B2-E7B2-4789-A15B-AC4DE27924B6}.Release|x64.ActiveCfg = Release|x64
		{579C67B2-E7B2-4789-A15B-AC4DE27924B6}.Release|x64.Build.0 = Release|x64
		{579C67B2-E7B2-4789-A15B-AC4DE27924B6}.Release|x86.ActiveCfg = Release|Win32
		{579C67B2-E7B2-4789-A15B-AC4DE27924B6}.Release|x86.Build.0 = Release|Win32
		{61039732-27A1-48D7-8A72-00953C5BC33F}.Debug|x64.ActiveCfg = Debug|x64
		{61039732-27A1-48D7-8A72-00953C5BC33F}.Debug|x64.Build.0 = Debug|x64
		{61039732-27A1-48D7-8A72-00953C5BC33F}.Debug|x86.ActiveCfg = Debug|Win32
		{61039732-27A1-48D7-8A72-00953C5BC33F}.Debug|x86.Build.0 = Debug|Win32
		{61039732-27A1-48D7-8A72-00953C5BC33F}.Release|x64.ActiveCfg = Release|x64
		{61039732-27A1-48D7-8A72-00953C5BC33F}.Release|x64.Build.0 = Release|x64
		{61039732-27A1-48D7-8A72-00953C5BC33F}.Release|x86.ActiveCfg = Release|Win32
		{61039732-27A1-48D7-8A72-00953C5BC33F}.Release|x86.Build.0 = Release|Win32
	EndGlobalSection
	GlobalSection(SolutionProperties) = preSolution
		HideSolutionNode = FALSE
	EndGlobalSection
	GlobalSection(NestedProjects) = preSolution
		{7FBBFD04-1F65-4F4F-A349-3D4AE5640891} = {8BED40EE-A768-4676-BA60-810602581B6D}
		{D7DDC1B5-0BFD-4936-85A1-089155BE4B70} = {59F19293-B4FD-43CB-BAE0-EE714D26AF5B}
		{C77EED8D-1FD5-4511-BBB7-6BADBAF9403D} = {8965F949-E64D-4AA5-811A-9EDEBDD41D53}
		{4673D0A2-FC67-43F6-9569-AC50AEEE3444} = {72D6A29A-2434-49C2-B7D9-49B4D6439C73}
		{245EA8AD-009F-4239-B016-85F03574EFAA} = {72D6A29A-2434-49C2-B7D9-49B4D6439C73}
		{3832B605-20B6-4412-AE74-3EA4BCCC51DA} = {4C5D8BB1-C7C8-4AE9-A6E1-9BEB25210C4F}
		{579C67B2-E7B2-4789-A15B-AC4DE27924B6} = {4C5D8BB1-C7C8-4AE9-A6E1-9BEB25210C4F}
		{72D6A29A-2434-49C2-B7D9-49B4D6439C73} = {5B766454-8308-4120-9BF3-5DD245FDE68E}
		{4C5D8BB1-C7C8-4AE9-A6E1-9BEB25210C4F} = {5B766454-8308-4120-9BF3-5DD245FDE68E}
		{61039732-27A1-48D7-8A72-00953C5BC33F} = {77C1BD74-F1FB-461B-AEC2-F2A162A1CF77}
	EndGlobalSection
	GlobalSection(ExtensibilityGlobals) = postSolution
		SolutionGuid = {04A2E087-51BB-464D-8E84-77C74D00F2B0}
	EndGlobalSection
EndGlobal
